// !$*UTF8*$!
{
	archiveVersion = 1;
	classes = {
	};
	objectVersion = 46;
	objects = {

/* Begin PBXBuildFile section */
		9B1706861D64020E00E2F22D /* BudgetSetViewController.swift in Sources */ = {isa = PBXBuildFile; fileRef = 9B1706851D64020E00E2F22D /* BudgetSetViewController.swift */; };
		9B17068A1D6439DF00E2F22D /* MainViewController.swift in Sources */ = {isa = PBXBuildFile; fileRef = 9B1706891D6439DF00E2F22D /* MainViewController.swift */; };
		9B37800F1D648FCE00BE1149 /* BudgetPopupViewController.swift in Sources */ = {isa = PBXBuildFile; fileRef = 9B37800E1D648FCE00BE1149 /* BudgetPopupViewController.swift */; };
		9B3D76961D694B97008F295B /* ItemListTableViewController.swift in Sources */ = {isa = PBXBuildFile; fileRef = 9B3D76951D694B97008F295B /* ItemListTableViewController.swift */; };
		9B4AC6D51D67505000F9ECA2 /* TravelListTableViewController.swift in Sources */ = {isa = PBXBuildFile; fileRef = 9B4AC6D41D67505000F9ECA2 /* TravelListTableViewController.swift */; };
		9B4AC6D71D677A5100F9ECA2 /* TravelContentTableViewCell.swift in Sources */ = {isa = PBXBuildFile; fileRef = 9B4AC6D61D677A5100F9ECA2 /* TravelContentTableViewCell.swift */; };
		9BAEFEF71D63F0840067F15D /* AppDelegate.swift in Sources */ = {isa = PBXBuildFile; fileRef = 9BAEFEF61D63F0840067F15D /* AppDelegate.swift */; };
		9BAEFEF91D63F0840067F15D /* ViewController.swift in Sources */ = {isa = PBXBuildFile; fileRef = 9BAEFEF81D63F0840067F15D /* ViewController.swift */; };
		9BAEFEFC1D63F0840067F15D /* Main.storyboard in Resources */ = {isa = PBXBuildFile; fileRef = 9BAEFEFA1D63F0840067F15D /* Main.storyboard */; };
		9BAEFF011D63F0840067F15D /* LaunchScreen.storyboard in Resources */ = {isa = PBXBuildFile; fileRef = 9BAEFEFF1D63F0840067F15D /* LaunchScreen.storyboard */; };
		9BAEFF131D63F27E0067F15D /* Travelr.swift in Sources */ = {isa = PBXBuildFile; fileRef = 9BAEFF121D63F27E0067F15D /* Travelr.swift */; };
		9BAEFF171D63F45D0067F15D /* TitleSetViewController.swift in Sources */ = {isa = PBXBuildFile; fileRef = 9BAEFF161D63F45D0067F15D /* TitleSetViewController.swift */; };
		BBEBD92B1D6AC47A000EBB91 /* Assets.xcassets in Resources */ = {isa = PBXBuildFile; fileRef = BBEBD92A1D6AC47A000EBB91 /* Assets.xcassets */; };
/* End PBXBuildFile section */

/* Begin PBXFileReference section */
		9B1706851D64020E00E2F22D /* BudgetSetViewController.swift */ = {isa = PBXFileReference; fileEncoding = 4; lastKnownFileType = sourcecode.swift; path = BudgetSetViewController.swift; sourceTree = "<group>"; };
		9B1706891D6439DF00E2F22D /* MainViewController.swift */ = {isa = PBXFileReference; fileEncoding = 4; lastKnownFileType = sourcecode.swift; path = MainViewController.swift; sourceTree = "<group>"; };
		9B37800E1D648FCE00BE1149 /* BudgetPopupViewController.swift */ = {isa = PBXFileReference; fileEncoding = 4; lastKnownFileType = sourcecode.swift; path = BudgetPopupViewController.swift; sourceTree = "<group>"; };
		9B3D76951D694B97008F295B /* ItemListTableViewController.swift */ = {isa = PBXFileReference; fileEncoding = 4; lastKnownFileType = sourcecode.swift; path = ItemListTableViewController.swift; sourceTree = "<group>"; };
		9B4AC6D41D67505000F9ECA2 /* TravelListTableViewController.swift */ = {isa = PBXFileReference; fileEncoding = 4; lastKnownFileType = sourcecode.swift; path = TravelListTableViewController.swift; sourceTree = "<group>"; };
		9B4AC6D61D677A5100F9ECA2 /* TravelContentTableViewCell.swift */ = {isa = PBXFileReference; fileEncoding = 4; lastKnownFileType = sourcecode.swift; path = TravelContentTableViewCell.swift; sourceTree = "<group>"; };
		9BAEFEF31D63F0840067F15D /* TravelrProject.app */ = {isa = PBXFileReference; explicitFileType = wrapper.application; includeInIndex = 0; path = TravelrProject.app; sourceTree = BUILT_PRODUCTS_DIR; };
		9BAEFEF61D63F0840067F15D /* AppDelegate.swift */ = {isa = PBXFileReference; lastKnownFileType = sourcecode.swift; path = AppDelegate.swift; sourceTree = "<group>"; };
		9BAEFEF81D63F0840067F15D /* ViewController.swift */ = {isa = PBXFileReference; lastKnownFileType = sourcecode.swift; path = ViewController.swift; sourceTree = "<group>"; };
		9BAEFEFB1D63F0840067F15D /* Base */ = {isa = PBXFileReference; lastKnownFileType = file.storyboard; name = Base; path = Base.lproj/Main.storyboard; sourceTree = "<group>"; };
		9BAEFF001D63F0840067F15D /* Base */ = {isa = PBXFileReference; lastKnownFileType = file.storyboard; name = Base; path = Base.lproj/LaunchScreen.storyboard; sourceTree = "<group>"; };
		9BAEFF021D63F0840067F15D /* Info.plist */ = {isa = PBXFileReference; lastKnownFileType = text.plist.xml; path = Info.plist; sourceTree = "<group>"; };
		9BAEFF121D63F27E0067F15D /* Travelr.swift */ = {isa = PBXFileReference; fileEncoding = 4; lastKnownFileType = sourcecode.swift; path = Travelr.swift; sourceTree = "<group>"; };
		9BAEFF161D63F45D0067F15D /* TitleSetViewController.swift */ = {isa = PBXFileReference; fileEncoding = 4; lastKnownFileType = sourcecode.swift; path = TitleSetViewController.swift; sourceTree = "<group>"; };
		BBEBD92A1D6AC47A000EBB91 /* Assets.xcassets */ = {isa = PBXFileReference; lastKnownFileType = folder.assetcatalog; path = Assets.xcassets; sourceTree = "<group>"; };
/* End PBXFileReference section */

/* Begin PBXFrameworksBuildPhase section */
		9BAEFEF01D63F0840067F15D /* Frameworks */ = {
			isa = PBXFrameworksBuildPhase;
			buildActionMask = 2147483647;
			files = (
			);
			runOnlyForDeploymentPostprocessing = 0;
		};
/* End PBXFrameworksBuildPhase section */

/* Begin PBXGroup section */
		9BAEFEEA1D63F0840067F15D = {
			isa = PBXGroup;
			children = (
				9BAEFEF51D63F0840067F15D /* TravelrProject */,
				9BAEFEF41D63F0840067F15D /* Products */,
			);
			sourceTree = "<group>";
		};
		9BAEFEF41D63F0840067F15D /* Products */ = {
			isa = PBXGroup;
			children = (
				9BAEFEF31D63F0840067F15D /* TravelrProject.app */,
			);
			name = Products;
			sourceTree = "<group>";
		};
		9BAEFEF51D63F0840067F15D /* TravelrProject */ = {
			isa = PBXGroup;
			children = (
				9BAEFEF61D63F0840067F15D /* AppDelegate.swift */,
				9BAEFEF81D63F0840067F15D /* ViewController.swift */,
				9BAEFEFA1D63F0840067F15D /* Main.storyboard */,
				9BAEFEFF1D63F0840067F15D /* LaunchScreen.storyboard */,
				BBEBD92A1D6AC47A000EBB91 /* Assets.xcassets */,
				9BAEFF021D63F0840067F15D /* Info.plist */,
				9BAEFF121D63F27E0067F15D /* Travelr.swift */,
				9B4AC6D61D677A5100F9ECA2 /* TravelContentTableViewCell.swift */,
				9B4AC6D41D67505000F9ECA2 /* TravelListTableViewController.swift */,
				9B1706891D6439DF00E2F22D /* MainViewController.swift */,
				9BAEFF161D63F45D0067F15D /* TitleSetViewController.swift */,
				9B1706851D64020E00E2F22D /* BudgetSetViewController.swift */,
				9B37800E1D648FCE00BE1149 /* BudgetPopupViewController.swift */,
				9B3D76951D694B97008F295B /* ItemListTableViewController.swift */,
			);
			path = TravelrProject;
			sourceTree = "<group>";
		};
/* End PBXGroup section */

/* Begin PBXNativeTarget section */
		9BAEFEF21D63F0840067F15D /* TravelrProject */ = {
			isa = PBXNativeTarget;
			buildConfigurationList = 9BAEFF051D63F0840067F15D /* Build configuration list for PBXNativeTarget "TravelrProject" */;
			buildPhases = (
				9BAEFEEF1D63F0840067F15D /* Sources */,
				9BAEFEF01D63F0840067F15D /* Frameworks */,
				9BAEFEF11D63F0840067F15D /* Resources */,
			);
			buildRules = (
			);
			dependencies = (
			);
			name = TravelrProject;
			productName = TravelrProject;
			productReference = 9BAEFEF31D63F0840067F15D /* TravelrProject.app */;
			productType = "com.apple.product-type.application";
		};
/* End PBXNativeTarget section */

/* Begin PBXProject section */
		9BAEFEEB1D63F0840067F15D /* Project object */ = {
			isa = PBXProject;
			attributes = {
				LastSwiftUpdateCheck = 0730;
				LastUpgradeCheck = 0730;
				ORGANIZATIONNAME = LEE;
				TargetAttributes = {
					9BAEFEF21D63F0840067F15D = {
						CreatedOnToolsVersion = 7.3.1;
						DevelopmentTeam = 4QG3GC35LA;
					};
				};
			};
			buildConfigurationList = 9BAEFEEE1D63F0840067F15D /* Build configuration list for PBXProject "TravelrProject" */;
			compatibilityVersion = "Xcode 3.2";
			developmentRegion = English;
			hasScannedForEncodings = 0;
			knownRegions = (
				en,
				Base,
			);
			mainGroup = 9BAEFEEA1D63F0840067F15D;
			productRefGroup = 9BAEFEF41D63F0840067F15D /* Products */;
			projectDirPath = "";
			projectRoot = "";
			targets = (
				9BAEFEF21D63F0840067F15D /* TravelrProject */,
			);
		};
/* End PBXProject section */

/* Begin PBXResourcesBuildPhase section */
		9BAEFEF11D63F0840067F15D /* Resources */ = {
			isa = PBXResourcesBuildPhase;
			buildActionMask = 2147483647;
			files = (
				9BAEFF011D63F0840067F15D /* LaunchScreen.storyboard in Resources */,
				BBEBD92B1D6AC47A000EBB91 /* Assets.xcassets in Resources */,
				9BAEFEFC1D63F0840067F15D /* Main.storyboard in Resources */,
			);
			runOnlyForDeploymentPostprocessing = 0;
		};
/* End PBXResourcesBuildPhase section */

/* Begin PBXSourcesBuildPhase section */
		9BAEFEEF1D63F0840067F15D /* Sources */ = {
			isa = PBXSourcesBuildPhase;
			buildActionMask = 2147483647;
			files = (
				9B4AC6D71D677A5100F9ECA2 /* TravelContentTableViewCell.swift in Sources */,
				9BAEFF171D63F45D0067F15D /* TitleSetViewController.swift in Sources */,
				9B37800F1D648FCE00BE1149 /* BudgetPopupViewController.swift in Sources */,
				9B1706861D64020E00E2F22D /* BudgetSetViewController.swift in Sources */,
				9BAEFF131D63F27E0067F15D /* Travelr.swift in Sources */,
				9B17068A1D6439DF00E2F22D /* MainViewController.swift in Sources */,
				9B3D76961D694B97008F295B /* ItemListTableViewController.swift in Sources */,
				9BAEFEF91D63F0840067F15D /* ViewController.swift in Sources */,
				9BAEFEF71D63F0840067F15D /* AppDelegate.swift in Sources */,
				9B4AC6D51D67505000F9ECA2 /* TravelListTableViewController.swift in Sources */,
			);
			runOnlyForDeploymentPostprocessing = 0;
		};
/* End PBXSourcesBuildPhase section */

/* Begin PBXVariantGroup section */
		9BAEFEFA1D63F0840067F15D /* Main.storyboard */ = {
			isa = PBXVariantGroup;
			children = (
				9BAEFEFB1D63F0840067F15D /* Base */,
			);
			name = Main.storyboard;
			sourceTree = "<group>";
		};
		9BAEFEFF1D63F0840067F15D /* LaunchScreen.storyboard */ = {
			isa = PBXVariantGroup;
			children = (
				9BAEFF001D63F0840067F15D /* Base */,
			);
			name = LaunchScreen.storyboard;
			sourceTree = "<group>";
		};
/* End PBXVariantGroup section */

/* Begin XCBuildConfiguration section */
		9BAEFF031D63F0840067F15D /* Debug */ = {
			isa = XCBuildConfiguration;
			buildSettings = {
				ALWAYS_SEARCH_USER_PATHS = NO;
				CLANG_ANALYZER_NONNULL = YES;
				CLANG_CXX_LANGUAGE_STANDARD = "gnu++0x";
				CLANG_CXX_LIBRARY = "libc++";
				CLANG_ENABLE_MODULES = YES;
				CLANG_ENABLE_OBJC_ARC = YES;
				CLANG_WARN_BOOL_CONVERSION = YES;
				CLANG_WARN_CONSTANT_CONVERSION = YES;
				CLANG_WARN_DIRECT_OBJC_ISA_USAGE = YES_ERROR;
				CLANG_WARN_EMPTY_BODY = YES;
				CLANG_WARN_ENUM_CONVERSION = YES;
				CLANG_WARN_INT_CONVERSION = YES;
				CLANG_WARN_OBJC_ROOT_CLASS = YES_ERROR;
				CLANG_WARN_UNREACHABLE_CODE = YES;
				CLANG_WARN__DUPLICATE_METHOD_MATCH = YES;
				"CODE_SIGN_IDENTITY[sdk=iphoneos*]" = "iPhone Developer";
				COPY_PHASE_STRIP = NO;
				DEBUG_INFORMATION_FORMAT = dwarf;
				ENABLE_STRICT_OBJC_MSGSEND = YES;
				ENABLE_TESTABILITY = YES;
				GCC_C_LANGUAGE_STANDARD = gnu99;
				GCC_DYNAMIC_NO_PIC = NO;
				GCC_NO_COMMON_BLOCKS = YES;
				GCC_OPTIMIZATION_LEVEL = 0;
				GCC_PREPROCESSOR_DEFINITIONS = (
					"DEBUG=1",
					"$(inherited)",
				);
				GCC_WARN_64_TO_32_BIT_CONVERSION = YES;
				GCC_WARN_ABOUT_RETURN_TYPE = YES_ERROR;
				GCC_WARN_UNDECLARED_SELECTOR = YES;
				GCC_WARN_UNINITIALIZED_AUTOS = YES_AGGRESSIVE;
				GCC_WARN_UNUSED_FUNCTION = YES;
				GCC_WARN_UNUSED_VARIABLE = YES;
				IPHONEOS_DEPLOYMENT_TARGET = 9.3;
				MTL_ENABLE_DEBUG_INFO = YES;
				ONLY_ACTIVE_ARCH = YES;
				SDKROOT = iphoneos;
				SWIFT_OPTIMIZATION_LEVEL = "-Onone";
				TARGETED_DEVICE_FAMILY = "1,2";
			};
			name = Debug;
		};
		9BAEFF041D63F0840067F15D /* Release */ = {
			isa = XCBuildConfiguration;
			buildSettings = {
				ALWAYS_SEARCH_USER_PATHS = NO;
				CLANG_ANALYZER_NONNULL = YES;
				CLANG_CXX_LANGUAGE_STANDARD = "gnu++0x";
				CLANG_CXX_LIBRARY = "libc++";
				CLANG_ENABLE_MODULES = YES;
				CLANG_ENABLE_OBJC_ARC = YES;
				CLANG_WARN_BOOL_CONVERSION = YES;
				CLANG_WARN_CONSTANT_CONVERSION = YES;
				CLANG_WARN_DIRECT_OBJC_ISA_USAGE = YES_ERROR;
				CLANG_WARN_EMPTY_BODY = YES;
				CLANG_WARN_ENUM_CONVERSION = YES;
				CLANG_WARN_INT_CONVERSION = YES;
				CLANG_WARN_OBJC_ROOT_CLASS = YES_ERROR;
				CLANG_WARN_UNREACHABLE_CODE = YES;
				CLANG_WARN__DUPLICATE_METHOD_MATCH = YES;
				"CODE_SIGN_IDENTITY[sdk=iphoneos*]" = "iPhone Developer";
				COPY_PHASE_STRIP = NO;
				DEBUG_INFORMATION_FORMAT = "dwarf-with-dsym";
				ENABLE_NS_ASSERTIONS = NO;
				ENABLE_STRICT_OBJC_MSGSEND = YES;
				GCC_C_LANGUAGE_STANDARD = gnu99;
				GCC_NO_COMMON_BLOCKS = YES;
				GCC_WARN_64_TO_32_BIT_CONVERSION = YES;
				GCC_WARN_ABOUT_RETURN_TYPE = YES_ERROR;
				GCC_WARN_UNDECLARED_SELECTOR = YES;
				GCC_WARN_UNINITIALIZED_AUTOS = YES_AGGRESSIVE;
				GCC_WARN_UNUSED_FUNCTION = YES;
				GCC_WARN_UNUSED_VARIABLE = YES;
				IPHONEOS_DEPLOYMENT_TARGET = 9.3;
				MTL_ENABLE_DEBUG_INFO = NO;
				SDKROOT = iphoneos;
				TARGETED_DEVICE_FAMILY = "1,2";
				VALIDATE_PRODUCT = YES;
			};
			name = Release;
		};
		9BAEFF061D63F0840067F15D /* Debug */ = {
			isa = XCBuildConfiguration;
			buildSettings = {
				ASSETCATALOG_COMPILER_APPICON_NAME = AppIcon;
				CODE_SIGN_IDENTITY = "iPhone Developer";
				"CODE_SIGN_IDENTITY[sdk=iphoneos*]" = "iPhone Developer";
				INFOPLIST_FILE = TravelrProject/Info.plist;
				LD_RUNPATH_SEARCH_PATHS = "$(inherited) @executable_path/Frameworks";
				PRODUCT_BUNDLE_IDENTIFIER = KUiOS.TravelrProject;
				PRODUCT_NAME = "$(TARGET_NAME)";
				PROVISIONING_PROFILE = "";
			};
			name = Debug;
		};
		9BAEFF071D63F0840067F15D /* Release */ = {
			isa = XCBuildConfiguration;
			buildSettings = {
				ASSETCATALOG_COMPILER_APPICON_NAME = AppIcon;
				CODE_SIGN_IDENTITY = "iPhone Developer";
				"CODE_SIGN_IDENTITY[sdk=iphoneos*]" = "iPhone Developer";
				INFOPLIST_FILE = TravelrProject/Info.plist;
				LD_RUNPATH_SEARCH_PATHS = "$(inherited) @executable_path/Frameworks";
				PRODUCT_BUNDLE_IDENTIFIER = KUiOS.TravelrProject;
				PRODUCT_NAME = "$(TARGET_NAME)";
				PROVISIONING_PROFILE = "";
			};
			name = Release;
		};
/* End XCBuildConfiguration section */

/* Begin XCConfigurationList section */
		9BAEFEEE1D63F0840067F15D /* Build configuration list for PBXProject "TravelrProject" */ = {
			isa = XCConfigurationList;
			buildConfigurations = (
				9BAEFF031D63F0840067F15D /* Debug */,
				9BAEFF041D63F0840067F15D /* Release */,
			);
			defaultConfigurationIsVisible = 0;
			defaultConfigurationName = Release;
		};
		9BAEFF051D63F0840067F15D /* Build configuration list for PBXNativeTarget "TravelrProject" */ = {
			isa = XCConfigurationList;
			buildConfigurations = (
				9BAEFF061D63F0840067F15D /* Debug */,
				9BAEFF071D63F0840067F15D /* Release */,
			);
			defaultConfigurationIsVisible = 0;
			defaultConfigurationName = Release;
		};
/* End XCConfigurationList section */
	};
	rootObject = 9BAEFEEB1D63F0840067F15D /* Project object */;
}
